
Microsoft Visual Studio Solution File, Format Version 12.00
# Visual Studio Version 17
VisualStudioVersion = 17.10.35122.118
MinimumVisualStudioVersion = 10.0.40219.1
Project("{9A19103F-16F7-4668-BE54-9A1E7A4F7556}") = "PatientRegistrationService", "PatientRegistrationService\PatientRegistrationService.csproj", "{CD7650EE-8AAF-465A-90B5-8A765B7E15F7}"
EndProject
Project("{FAE04EC0-301F-11D3-BF4B-00C04F79EFBC}") = "PatientRegistrationService.Tests", "PatientRegistrationService.Tests\PatientRegistrationService.Tests.csproj", "{47A5D49B-04AB-4642-9561-06D7BE7D5C6B}"
EndProject
Global
	GlobalSection(SolutionConfigurationPlatforms) = preSolution
		Debug|Any CPU = Debug|Any CPU
		Release|Any CPU = Release|Any CPU
	EndGlobalSection
	GlobalSection(ProjectConfigurationPlatforms) = postSolution
		{CD7650EE-8AAF-465A-90B5-8A765B7E15F7}.Debug|Any CPU.ActiveCfg = Debug|Any CPU
		{CD7650EE-8AAF-465A-90B5-8A765B7E15F7}.Debug|Any CPU.Build.0 = Debug|Any CPU
		{CD7650EE-8AAF-465A-90B5-8A765B7E15F7}.Release|Any CPU.ActiveCfg = Release|Any CPU
		{CD7650EE-8AAF-465A-90B5-8A765B7E15F7}.Release|Any CPU.Build.0 = Release|Any CPU
		{47A5D49B-04AB-4642-9561-06D7BE7D5C6B}.Debug|Any CPU.ActiveCfg = Debug|Any CPU
		{47A5D49B-04AB-4642-9561-06D7BE7D5C6B}.Debug|Any CPU.Build.0 = Debug|Any CPU
		{47A5D49B-04AB-4642-9561-06D7BE7D5C6B}.Release|Any CPU.ActiveCfg = Release|Any CPU
		{47A5D49B-04AB-4642-9561-06D7BE7D5C6B}.Release|Any CPU.Build.0 = Release|Any CPU
	EndGlobalSection
	GlobalSection(SolutionProperties) = preSolution
		HideSolutionNode = FALSE
	EndGlobalSection
	GlobalSection(ExtensibilityGlobals) = postSolution
		SolutionGuid = {8CC1F00E-5A0B-418B-A10E-F760B3574D4E}
	EndGlobalSection
EndGlobal
